
Microsoft Visual Studio Solution File, Format Version 12.00
# Visual Studio Version 17
VisualStudioVersion = 17.2.32526.322
MinimumVisualStudioVersion = 10.0.40219.1
Project("{9A19103F-16F7-4668-BE54-9A1E7A4F7556}") = "FinalLab", "FinalLab.csproj", "{22671FA8-4FD6-45AC-A5F3-A713283F91BE}"
EndProject
Project("{FAE04EC0-301F-11D3-BF4B-00C04F79EFBC}") = "Final", "..\Final\Final.csproj", "{B3C33CCB-853F-4153-9AA8-CFFAE99AF8DA}"
EndProject
Global
	GlobalSection(SolutionConfigurationPlatforms) = preSolution
		Debug|Any CPU = Debug|Any CPU
		Release|Any CPU = Release|Any CPU
	EndGlobalSection
	GlobalSection(ProjectConfigurationPlatforms) = postSolution
		{22671FA8-4FD6-45AC-A5F3-A713283F91BE}.Debug|Any CPU.ActiveCfg = Debug|Any CPU
		{22671FA8-4FD6-45AC-A5F3-A713283F91BE}.Debug|Any CPU.Build.0 = Debug|Any CPU
		{22671FA8-4FD6-45AC-A5F3-A713283F91BE}.Release|Any CPU.ActiveCfg = Release|Any CPU
		{22671FA8-4FD6-45AC-A5F3-A713283F91BE}.Release|Any CPU.Build.0 = Release|Any CPU
		{B3C33CCB-853F-4153-9AA8-CFFAE99AF8DA}.Debug|Any CPU.ActiveCfg = Debug|Any CPU
		{B3C33CCB-853F-4153-9AA8-CFFAE99AF8DA}.Debug|Any CPU.Build.0 = Debug|Any CPU
		{B3C33CCB-853F-4153-9AA8-CFFAE99AF8DA}.Release|Any CPU.ActiveCfg = Release|Any CPU
		{B3C33CCB-853F-4153-9AA8-CFFAE99AF8DA}.Release|Any CPU.Build.0 = Release|Any CPU
	EndGlobalSection
	GlobalSection(SolutionProperties) = preSolution
		HideSolutionNode = FALSE
	EndGlobalSection
	GlobalSection(ExtensibilityGlobals) = postSolution
		SolutionGuid = {63C22C58-F2A1-42B0-B7EE-40B850AFE74A}
	EndGlobalSection
EndGlobal
