
Microsoft Visual Studio Solution File, Format Version 12.00
# Visual Studio Version 17
VisualStudioVersion = 17.2.32526.322
MinimumVisualStudioVersion = 10.0.40219.1
Project("{FAE04EC0-301F-11D3-BF4B-00C04F79EFBC}") = "If and while loop", "If and while loop.csproj", "{4001CAD3-15D8-44E1-948A-BD5296E17701}"
EndProject
Global
	GlobalSection(SolutionConfigurationPlatforms) = preSolution
		Debug|Any CPU = Debug|Any CPU
		Release|Any CPU = Release|Any CPU
	EndGlobalSection
	GlobalSection(ProjectConfigurationPlatforms) = postSolution
		{4001CAD3-15D8-44E1-948A-BD5296E17701}.Debug|Any CPU.ActiveCfg = Debug|Any CPU
		{4001CAD3-15D8-44E1-948A-BD5296E17701}.Debug|Any CPU.Build.0 = Debug|Any CPU
		{4001CAD3-15D8-44E1-948A-BD5296E17701}.Release|Any CPU.ActiveCfg = Release|Any CPU
		{4001CAD3-15D8-44E1-948A-BD5296E17701}.Release|Any CPU.Build.0 = Release|Any CPU
	EndGlobalSection
	GlobalSection(SolutionProperties) = preSolution
		HideSolutionNode = FALSE
	EndGlobalSection
	GlobalSection(ExtensibilityGlobals) = postSolution
		SolutionGuid = {4C86C703-5736-4467-BB02-5294B683318A}
	EndGlobalSection
EndGlobal
